// !$*UTF8*$!
{
	archiveVersion = 1;
	classes = {
	};
	objectVersion = 46;
	objects = {

/* Begin PBXBuildFile section */
		AE69C35E1E53B26F0023ED45 /* CustomTextField.swift in Sources */ = {isa = PBXBuildFile; fileRef = AE69C35D1E53B26F0023ED45 /* CustomTextField.swift */; };
		AE69C3601E53B6E50023ED45 /* ItemDetailsVC.swift in Sources */ = {isa = PBXBuildFile; fileRef = AE69C35F1E53B6E50023ED45 /* ItemDetailsVC.swift */; };
		AEEAA90C1E5277E30044A750 /* AppDelegate.swift in Sources */ = {isa = PBXBuildFile; fileRef = AEEAA90B1E5277E30044A750 /* AppDelegate.swift */; };
		AEEAA90E1E5277E30044A750 /* MainVC.swift in Sources */ = {isa = PBXBuildFile; fileRef = AEEAA90D1E5277E30044A750 /* MainVC.swift */; };
		AEEAA9111E5277E30044A750 /* Main.storyboard in Resources */ = {isa = PBXBuildFile; fileRef = AEEAA90F1E5277E30044A750 /* Main.storyboard */; };
		AEEAA9141E5277E30044A750 /* DreamLister.xcdatamodeld in Sources */ = {isa = PBXBuildFile; fileRef = AEEAA9121E5277E30044A750 /* DreamLister.xcdatamodeld */; };
		AEEAA9161E5277E30044A750 /* Assets.xcassets in Resources */ = {isa = PBXBuildFile; fileRef = AEEAA9151E5277E30044A750 /* Assets.xcassets */; };
		AEEAA9191E5277E30044A750 /* LaunchScreen.storyboard in Resources */ = {isa = PBXBuildFile; fileRef = AEEAA9171E5277E30044A750 /* LaunchScreen.storyboard */; };
		AEFF428A1E528F5C00A79C20 /* MaterialView.swift in Sources */ = {isa = PBXBuildFile; fileRef = AEFF42891E528F5C00A79C20 /* MaterialView.swift */; };
		AEFF428C1E5291E100A79C20 /* ItemCell.swift in Sources */ = {isa = PBXBuildFile; fileRef = AEFF428B1E5291E100A79C20 /* ItemCell.swift */; };
/* End PBXBuildFile section */

/* Begin PBXFileReference section */
		AE69C35D1E53B26F0023ED45 /* CustomTextField.swift */ = {isa = PBXFileReference; fileEncoding = 4; lastKnownFileType = sourcecode.swift; path = CustomTextField.swift; sourceTree = "<group>"; };
		AE69C35F1E53B6E50023ED45 /* ItemDetailsVC.swift */ = {isa = PBXFileReference; fileEncoding = 4; lastKnownFileType = sourcecode.swift; path = ItemDetailsVC.swift; sourceTree = "<group>"; };
		AEEAA9081E5277E30044A750 /* DreamLister.app */ = {isa = PBXFileReference; explicitFileType = wrapper.application; includeInIndex = 0; path = DreamLister.app; sourceTree = BUILT_PRODUCTS_DIR; };
		AEEAA90B1E5277E30044A750 /* AppDelegate.swift */ = {isa = PBXFileReference; lastKnownFileType = sourcecode.swift; path = AppDelegate.swift; sourceTree = "<group>"; };
		AEEAA90D1E5277E30044A750 /* MainVC.swift */ = {isa = PBXFileReference; lastKnownFileType = sourcecode.swift; path = MainVC.swift; sourceTree = "<group>"; };
		AEEAA9101E5277E30044A750 /* Base */ = {isa = PBXFileReference; lastKnownFileType = file.storyboard; name = Base; path = Base.lproj/Main.storyboard; sourceTree = "<group>"; };
		AEEAA9131E5277E30044A750 /* DreamLister.xcdatamodel */ = {isa = PBXFileReference; lastKnownFileType = wrapper.xcdatamodel; path = DreamLister.xcdatamodel; sourceTree = "<group>"; };
		AEEAA9151E5277E30044A750 /* Assets.xcassets */ = {isa = PBXFileReference; lastKnownFileType = folder.assetcatalog; path = Assets.xcassets; sourceTree = "<group>"; };
		AEEAA9181E5277E30044A750 /* Base */ = {isa = PBXFileReference; lastKnownFileType = file.storyboard; name = Base; path = Base.lproj/LaunchScreen.storyboard; sourceTree = "<group>"; };
		AEEAA91A1E5277E30044A750 /* Info.plist */ = {isa = PBXFileReference; lastKnownFileType = text.plist.xml; path = Info.plist; sourceTree = "<group>"; };
		AEFF42891E528F5C00A79C20 /* MaterialView.swift */ = {isa = PBXFileReference; fileEncoding = 4; lastKnownFileType = sourcecode.swift; path = MaterialView.swift; sourceTree = "<group>"; };
		AEFF428B1E5291E100A79C20 /* ItemCell.swift */ = {isa = PBXFileReference; fileEncoding = 4; lastKnownFileType = sourcecode.swift; path = ItemCell.swift; sourceTree = "<group>"; };
/* End PBXFileReference section */

/* Begin PBXFrameworksBuildPhase section */
		AEEAA9051E5277E30044A750 /* Frameworks */ = {
			isa = PBXFrameworksBuildPhase;
			buildActionMask = 2147483647;
			files = (
			);
			runOnlyForDeploymentPostprocessing = 0;
		};
/* End PBXFrameworksBuildPhase section */

/* Begin PBXGroup section */
		AE69C35A1E53AD5B0023ED45 /* Controller */ = {
			isa = PBXGroup;
			children = (
				AE69C35F1E53B6E50023ED45 /* ItemDetailsVC.swift */,
			);
			name = Controller;
			sourceTree = "<group>";
		};
		AEEAA8FF1E5277E30044A750 = {
			isa = PBXGroup;
			children = (
				AEEAA90A1E5277E30044A750 /* DreamLister */,
				AEEAA9091E5277E30044A750 /* Products */,
			);
			sourceTree = "<group>";
		};
		AEEAA9091E5277E30044A750 /* Products */ = {
			isa = PBXGroup;
			children = (
				AEEAA9081E5277E30044A750 /* DreamLister.app */,
			);
			name = Products;
			sourceTree = "<group>";
		};
		AEEAA90A1E5277E30044A750 /* DreamLister */ = {
			isa = PBXGroup;
			children = (
				AEEAA90B1E5277E30044A750 /* AppDelegate.swift */,
				AEEAA90D1E5277E30044A750 /* MainVC.swift */,
				AE69C35D1E53B26F0023ED45 /* CustomTextField.swift */,
				AE69C35A1E53AD5B0023ED45 /* Controller */,
				AEFF42881E528F4C00A79C20 /* View */,
				AEEAA9151E5277E30044A750 /* Assets.xcassets */,
				AEEAA9171E5277E30044A750 /* LaunchScreen.storyboard */,
				AEEAA91A1E5277E30044A750 /* Info.plist */,
				AEEAA9121E5277E30044A750 /* DreamLister.xcdatamodeld */,
			);
			path = DreamLister;
			sourceTree = "<group>";
		};
		AEFF42881E528F4C00A79C20 /* View */ = {
			isa = PBXGroup;
			children = (
				AEEAA90F1E5277E30044A750 /* Main.storyboard */,
				AEFF428B1E5291E100A79C20 /* ItemCell.swift */,
				AEFF42891E528F5C00A79C20 /* MaterialView.swift */,
			);
			name = View;
			sourceTree = "<group>";
		};
/* End PBXGroup section */

/* Begin PBXNativeTarget section */
		AEEAA9071E5277E30044A750 /* DreamLister */ = {
			isa = PBXNativeTarget;
			buildConfigurationList = AEEAA91D1E5277E30044A750 /* Build configuration list for PBXNativeTarget "DreamLister" */;
			buildPhases = (
				AEEAA9041E5277E30044A750 /* Sources */,
				AEEAA9051E5277E30044A750 /* Frameworks */,
				AEEAA9061E5277E30044A750 /* Resources */,
			);
			buildRules = (
			);
			dependencies = (
			);
			name = DreamLister;
			productName = DreamLister;
			productReference = AEEAA9081E5277E30044A750 /* DreamLister.app */;
			productType = "com.apple.product-type.application";
		};
/* End PBXNativeTarget section */

/* Begin PBXProject section */
		AEEAA9001E5277E30044A750 /* Project object */ = {
			isa = PBXProject;
			attributes = {
				LastSwiftUpdateCheck = 0820;
				LastUpgradeCheck = 0820;
				ORGANIZATIONNAME = "Code Path";
				TargetAttributes = {
					AEEAA9071E5277E30044A750 = {
						CreatedOnToolsVersion = 8.2.1;
						DevelopmentTeam = 49TA9779W8;
						ProvisioningStyle = Automatic;
					};
				};
			};
			buildConfigurationList = AEEAA9031E5277E30044A750 /* Build configuration list for PBXProject "DreamLister" */;
			compatibilityVersion = "Xcode 3.2";
			developmentRegion = English;
			hasScannedForEncodings = 0;
			knownRegions = (
				en,
				Base,
			);
			mainGroup = AEEAA8FF1E5277E30044A750;
			productRefGroup = AEEAA9091E5277E30044A750 /* Products */;
			projectDirPath = "";
			projectRoot = "";
			targets = (
				AEEAA9071E5277E30044A750 /* DreamLister */,
			);
		};
/* End PBXProject section */

/* Begin PBXResourcesBuildPhase section */
		AEEAA9061E5277E30044A750 /* Resources */ = {
			isa = PBXResourcesBuildPhase;
			buildActionMask = 2147483647;
			files = (
				AEEAA9191E5277E30044A750 /* LaunchScreen.storyboard in Resources */,
				AEEAA9161E5277E30044A750 /* Assets.xcassets in Resources */,
				AEEAA9111E5277E30044A750 /* Main.storyboard in Resources */,
			);
			runOnlyForDeploymentPostprocessing = 0;
		};
/* End PBXResourcesBuildPhase section */

/* Begin PBXSourcesBuildPhase section */
		AEEAA9041E5277E30044A750 /* Sources */ = {
			isa = PBXSourcesBuildPhase;
			buildActionMask = 2147483647;
			files = (
				AE69C35E1E53B26F0023ED45 /* CustomTextField.swift in Sources */,
				AE69C3601E53B6E50023ED45 /* ItemDetailsVC.swift in Sources */,
				AEEAA90E1E5277E30044A750 /* MainVC.swift in Sources */,
				AEEAA90C1E5277E30044A750 /* AppDelegate.swift in Sources */,
				AEEAA9141E5277E30044A750 /* DreamLister.xcdatamodeld in Sources */,
				AEFF428A1E528F5C00A79C20 /* MaterialView.swift in Sources */,
				AEFF428C1E5291E100A79C20 /* ItemCell.swift in Sources */,
			);
			runOnlyForDeploymentPostprocessing = 0;
		};
/* End PBXSourcesBuildPhase section */

/* Begin PBXVariantGroup section */
		AEEAA90F1E5277E30044A750 /* Main.storyboard */ = {
			isa = PBXVariantGroup;
			children = (
				AEEAA9101E5277E30044A750 /* Base */,
			);
			name = Main.storyboard;
			sourceTree = "<group>";
		};
		AEEAA9171E5277E30044A750 /* LaunchScreen.storyboard */ = {
			isa = PBXVariantGroup;
			children = (
				AEEAA9181E5277E30044A750 /* Base */,
			);
			name = LaunchScreen.storyboard;
			sourceTree = "<group>";
		};
/* End PBXVariantGroup section */

/* Begin XCBuildConfiguration section */
		AEEAA91B1E5277E30044A750 /* Debug */ = {
			isa = XCBuildConfiguration;
			buildSettings = {
				ALWAYS_SEARCH_USER_PATHS = NO;
				CLANG_ANALYZER_NONNULL = YES;
				CLANG_CXX_LANGUAGE_STANDARD = "gnu++0x";
				CLANG_CXX_LIBRARY = "libc++";
				CLANG_ENABLE_MODULES = YES;
				CLANG_ENABLE_OBJC_ARC = YES;
				CLANG_WARN_BOOL_CONVERSION = YES;
				CLANG_WARN_CONSTANT_CONVERSION = YES;
				CLANG_WARN_DIRECT_OBJC_ISA_USAGE = YES_ERROR;
				CLANG_WARN_DOCUMENTATION_COMMENTS = YES;
				CLANG_WARN_EMPTY_BODY = YES;
				CLANG_WARN_ENUM_CONVERSION = YES;
				CLANG_WARN_INFINITE_RECURSION = YES;
				CLANG_WARN_INT_CONVERSION = YES;
				CLANG_WARN_OBJC_ROOT_CLASS = YES_ERROR;
				CLANG_WARN_SUSPICIOUS_MOVE = YES;
				CLANG_WARN_UNREACHABLE_CODE = YES;
				CLANG_WARN__DUPLICATE_METHOD_MATCH = YES;
				"CODE_SIGN_IDENTITY[sdk=iphoneos*]" = "iPhone Developer";
				COPY_PHASE_STRIP = NO;
				DEBUG_INFORMATION_FORMAT = dwarf;
				ENABLE_STRICT_OBJC_MSGSEND = YES;
				ENABLE_TESTABILITY = YES;
				GCC_C_LANGUAGE_STANDARD = gnu99;
				GCC_DYNAMIC_NO_PIC = NO;
				GCC_NO_COMMON_BLOCKS = YES;
				GCC_OPTIMIZATION_LEVEL = 0;
				GCC_PREPROCESSOR_DEFINITIONS = (
					"DEBUG=1",
					"$(inherited)",
				);
				GCC_WARN_64_TO_32_BIT_CONVERSION = YES;
				GCC_WARN_ABOUT_RETURN_TYPE = YES_ERROR;
				GCC_WARN_UNDECLARED_SELECTOR = YES;
				GCC_WARN_UNINITIALIZED_AUTOS = YES_AGGRESSIVE;
				GCC_WARN_UNUSED_FUNCTION = YES;
				GCC_WARN_UNUSED_VARIABLE = YES;
				IPHONEOS_DEPLOYMENT_TARGET = 10.2;
				MTL_ENABLE_DEBUG_INFO = YES;
				ONLY_ACTIVE_ARCH = YES;
				SDKROOT = iphoneos;
				SWIFT_ACTIVE_COMPILATION_CONDITIONS = DEBUG;
				SWIFT_OPTIMIZATION_LEVEL = "-Onone";
			};
			name = Debug;
		};
		AEEAA91C1E5277E30044A750 /* Release */ = {
			isa = XCBuildConfiguration;
			buildSettings = {
				ALWAYS_SEARCH_USER_PATHS = NO;
				CLANG_ANALYZER_NONNULL = YES;
				CLANG_CXX_LANGUAGE_STANDARD = "gnu++0x";
				CLANG_CXX_LIBRARY = "libc++";
				CLANG_ENABLE_MODULES = YES;
				CLANG_ENABLE_OBJC_ARC = YES;
				CLANG_WARN_BOOL_CONVERSION = YES;
				CLANG_WARN_CONSTANT_CONVERSION = YES;
				CLANG_WARN_DIRECT_OBJC_ISA_USAGE = YES_ERROR;
				CLANG_WARN_DOCUMENTATION_COMMENTS = YES;
				CLANG_WARN_EMPTY_BODY = YES;
				CLANG_WARN_ENUM_CONVERSION = YES;
				CLANG_WARN_INFINITE_RECURSION = YES;
				CLANG_WARN_INT_CONVERSION = YES;
				CLANG_WARN_OBJC_ROOT_CLASS = YES_ERROR;
				CLANG_WARN_SUSPICIOUS_MOVE = YES;
				CLANG_WARN_UNREACHABLE_CODE = YES;
				CLANG_WARN__DUPLICATE_METHOD_MATCH = YES;
				"CODE_SIGN_IDENTITY[sdk=iphoneos*]" = "iPhone Developer";
				COPY_PHASE_STRIP = NO;
				DEBUG_INFORMATION_FORMAT = "dwarf-with-dsym";
				ENABLE_NS_ASSERTIONS = NO;
				ENABLE_STRICT_OBJC_MSGSEND = YES;
				GCC_C_LANGUAGE_STANDARD = gnu99;
				GCC_NO_COMMON_BLOCKS = YES;
				GCC_WARN_64_TO_32_BIT_CONVERSION = YES;
				GCC_WARN_ABOUT_RETURN_TYPE = YES_ERROR;
				GCC_WARN_UNDECLARED_SELECTOR = YES;
				GCC_WARN_UNINITIALIZED_AUTOS = YES_AGGRESSIVE;
				GCC_WARN_UNUSED_FUNCTION = YES;
				GCC_WARN_UNUSED_VARIABLE = YES;
				IPHONEOS_DEPLOYMENT_TARGET = 10.2;
				MTL_ENABLE_DEBUG_INFO = NO;
				SDKROOT = iphoneos;
				SWIFT_OPTIMIZATION_LEVEL = "-Onone";
				VALIDATE_PRODUCT = YES;
			};
			name = Release;
		};
		AEEAA91E1E5277E30044A750 /* Debug */ = {
			isa = XCBuildConfiguration;
			buildSettings = {
				ASSETCATALOG_COMPILER_APPICON_NAME = AppIcon;
				DEVELOPMENT_TEAM = 49TA9779W8;
				INFOPLIST_FILE = DreamLister/Info.plist;
				LD_RUNPATH_SEARCH_PATHS = "$(inherited) @executable_path/Frameworks";
				PRODUCT_BUNDLE_IDENTIFIER = com.kismat.DreamLister;
				PRODUCT_NAME = "$(TARGET_NAME)";
				SWIFT_VERSION = 3.0;
			};
			name = Debug;
		};
		AEEAA91F1E5277E30044A750 /* Release */ = {
			isa = XCBuildConfiguration;
			buildSettings = {
				ASSETCATALOG_COMPILER_APPICON_NAME = AppIcon;
				DEVELOPMENT_TEAM = 49TA9779W8;
				INFOPLIST_FILE = DreamLister/Info.plist;
				LD_RUNPATH_SEARCH_PATHS = "$(inherited) @executable_path/Frameworks";
				PRODUCT_BUNDLE_IDENTIFIER = com.kismat.DreamLister;
				PRODUCT_NAME = "$(TARGET_NAME)";
				SWIFT_VERSION = 3.0;
			};
			name = Release;
		};
/* End XCBuildConfiguration section */

/* Begin XCConfigurationList section */
		AEEAA9031E5277E30044A750 /* Build configuration list for PBXProject "DreamLister" */ = {
			isa = XCConfigurationList;
			buildConfigurations = (
				AEEAA91B1E5277E30044A750 /* Debug */,
				AEEAA91C1E5277E30044A750 /* Release */,
			);
			defaultConfigurationIsVisible = 0;
			defaultConfigurationName = Release;
		};
		AEEAA91D1E5277E30044A750 /* Build configuration list for PBXNativeTarget "DreamLister" */ = {
			isa = XCConfigurationList;
			buildConfigurations = (
				AEEAA91E1E5277E30044A750 /* Debug */,
				AEEAA91F1E5277E30044A750 /* Release */,
			);
			defaultConfigurationIsVisible = 0;
			defaultConfigurationName = Release;
		};
/* End XCConfigurationList section */

/* Begin XCVersionGroup section */
		AEEAA9121E5277E30044A750 /* DreamLister.xcdatamodeld */ = {
			isa = XCVersionGroup;
			children = (
				AEEAA9131E5277E30044A750 /* DreamLister.xcdatamodel */,
			);
			currentVersion = AEEAA9131E5277E30044A750 /* DreamLister.xcdatamodel */;
			path = DreamLister.xcdatamodeld;
			sourceTree = "<group>";
			versionGroupType = wrapper.xcdatamodel;
		};
/* End XCVersionGroup section */
	};
	rootObject = AEEAA9001E5277E30044A750 /* Project object */;
}
